
Microsoft Visual Studio Solution File, Format Version 12.00
# Visual Studio Version 17
VisualStudioVersion = 17.4.33110.190
MinimumVisualStudioVersion = 10.0.40219.1
Project("{FAE04EC0-301F-11D3-BF4B-00C04F79EFBC}") = "EncriptacionASP", "EncriptacionASP\EncriptacionASP.csproj", "{1261DCC0-D836-42CA-A7B5-297B3BE30AA5}"
EndProject
Global
	GlobalSection(SolutionConfigurationPlatforms) = preSolution
		Debug|Any CPU = Debug|Any CPU
		Release|Any CPU = Release|Any CPU
	EndGlobalSection
	GlobalSection(ProjectConfigurationPlatforms) = postSolution
		{1261DCC0-D836-42CA-A7B5-297B3BE30AA5}.Debug|Any CPU.ActiveCfg = Debug|Any CPU
		{1261DCC0-D836-42CA-A7B5-297B3BE30AA5}.Debug|Any CPU.Build.0 = Debug|Any CPU
		{1261DCC0-D836-42CA-A7B5-297B3BE30AA5}.Release|Any CPU.ActiveCfg = Release|Any CPU
		{1261DCC0-D836-42CA-A7B5-297B3BE30AA5}.Release|Any CPU.Build.0 = Release|Any CPU
	EndGlobalSection
	GlobalSection(SolutionProperties) = preSolution
		HideSolutionNode = FALSE
	EndGlobalSection
	GlobalSection(ExtensibilityGlobals) = postSolution
		SolutionGuid = {7AE16703-F500-4B34-82AF-5DE1A03881B4}
	EndGlobalSection
EndGlobal
